
Microsoft Visual Studio Solution File, Format Version 12.00
# Visual Studio Version 17
VisualStudioVersion = 17.11.35312.102
MinimumVisualStudioVersion = 10.0.40219.1
Project("{FAE04EC0-301F-11D3-BF4B-00C04F79EFBC}") = "Flow", "Flow\Flow.csproj", "{0B34CCD4-1773-47D3-A864-8CD94BF9AB6D}"
EndProject
Global
	GlobalSection(SolutionConfigurationPlatforms) = preSolution
		Debug|Any CPU = Debug|Any CPU
		Release|Any CPU = Release|Any CPU
	EndGlobalSection
	GlobalSection(ProjectConfigurationPlatforms) = postSolution
		{0B34CCD4-1773-47D3-A864-8CD94BF9AB6D}.Debug|Any CPU.ActiveCfg = Debug|Any CPU
		{0B34CCD4-1773-47D3-A864-8CD94BF9AB6D}.Debug|Any CPU.Build.0 = Debug|Any CPU
		{0B34CCD4-1773-47D3-A864-8CD94BF9AB6D}.Debug|Any CPU.Deploy.0 = Debug|Any CPU
		{0B34CCD4-1773-47D3-A864-8CD94BF9AB6D}.Release|Any CPU.ActiveCfg = Release|Any CPU
		{0B34CCD4-1773-47D3-A864-8CD94BF9AB6D}.Release|Any CPU.Build.0 = Release|Any CPU
		{0B34CCD4-1773-47D3-A864-8CD94BF9AB6D}.Release|Any CPU.Deploy.0 = Release|Any CPU
	EndGlobalSection
	GlobalSection(SolutionProperties) = preSolution
		HideSolutionNode = FALSE
	EndGlobalSection
	GlobalSection(ExtensibilityGlobals) = postSolution
		SolutionGuid = {5417BAE2-D007-4E0C-8B31-7CD92AFA47E6}
	EndGlobalSection
EndGlobal
